
Microsoft Visual Studio Solution File, Format Version 12.00
# Visual Studio 15
VisualStudioVersion = 15.0.27130.2026
MinimumVisualStudioVersion = 10.0.40219.1
Project("{FAE04EC0-301F-11D3-BF4B-00C04F79EFBC}") = "ElderVision.Android", "ElderVision\ElderVision.Android\ElderVision.Android.csproj", "{89BEEC03-8D8A-4BBC-AC43-D2E5BF33F281}"
EndProject
Project("{FAE04EC0-301F-11D3-BF4B-00C04F79EFBC}") = "ElderVision.iOS", "ElderVision\ElderVision.iOS\ElderVision.iOS.csproj", "{A1D30F04-0DEA-4255-B4C5-9995AB330855}"
EndProject
Project("{FAE04EC0-301F-11D3-BF4B-00C04F79EFBC}") = "ElderVision.UWP", "ElderVision\ElderVision.UWP\ElderVision.UWP.csproj", "{4C51E723-65C7-4243-816B-3D66E33C4204}"
EndProject
Project("{D954291E-2A0B-460D-934E-DC6B0785DB48}") = "ElderVision", "ElderVision\ElderVision\ElderVision.shproj", "{5E13FA7F-4694-4C65-B618-85EA80629B02}"
EndProject
Global
	GlobalSection(SharedMSBuildProjectFiles) = preSolution
		ElderVision\ElderVision\ElderVision.projitems*{4c51e723-65c7-4243-816b-3d66e33c4204}*SharedItemsImports = 4
		ElderVision\ElderVision\ElderVision.projitems*{5e13fa7f-4694-4c65-b618-85ea80629b02}*SharedItemsImports = 13
		ElderVision\ElderVision\ElderVision.projitems*{89beec03-8d8a-4bbc-ac43-d2e5bf33f281}*SharedItemsImports = 4
		ElderVision\ElderVision\ElderVision.projitems*{a1d30f04-0dea-4255-b4c5-9995ab330855}*SharedItemsImports = 4
	EndGlobalSection
	GlobalSection(SolutionConfigurationPlatforms) = preSolution
		Ad-Hoc|Any CPU = Ad-Hoc|Any CPU
		Ad-Hoc|ARM = Ad-Hoc|ARM
		Ad-Hoc|iPhone = Ad-Hoc|iPhone
		Ad-Hoc|iPhoneSimulator = Ad-Hoc|iPhoneSimulator
		Ad-Hoc|x64 = Ad-Hoc|x64
		Ad-Hoc|x86 = Ad-Hoc|x86
		AppStore|Any CPU = AppStore|Any CPU
		AppStore|ARM = AppStore|ARM
		AppStore|iPhone = AppStore|iPhone
		AppStore|iPhoneSimulator = AppStore|iPhoneSimulator
		AppStore|x64 = AppStore|x64
		AppStore|x86 = AppStore|x86
		Debug|Any CPU = Debug|Any CPU
		Debug|ARM = Debug|ARM
		Debug|iPhone = Debug|iPhone
		Debug|iPhoneSimulator = Debug|iPhoneSimulator
		Debug|x64 = Debug|x64
		Debug|x86 = Debug|x86
		Release|Any CPU = Release|Any CPU
		Release|ARM = Release|ARM
		Release|iPhone = Release|iPhone
		Release|iPhoneSimulator = Release|iPhoneSimulator
		Release|x64 = Release|x64
		Release|x86 = Release|x86
	EndGlobalSection
	GlobalSection(ProjectConfigurationPlatforms) = postSolution
		{89BEEC03-8D8A-4BBC-AC43-D2E5BF33F281}.Ad-Hoc|Any CPU.ActiveCfg = Release|Any CPU
		{89BEEC03-8D8A-4BBC-AC43-D2E5BF33F281}.Ad-Hoc|Any CPU.Build.0 = Release|Any CPU
		{89BEEC03-8D8A-4BBC-AC43-D2E5BF33F281}.Ad-Hoc|Any CPU.Deploy.0 = Release|Any CPU
		{89BEEC03-8D8A-4BBC-AC43-D2E5BF33F281}.Ad-Hoc|ARM.ActiveCfg = Release|Any CPU
		{89BEEC03-8D8A-4BBC-AC43-D2E5BF33F281}.Ad-Hoc|ARM.Build.0 = Release|Any CPU
		{89BEEC03-8D8A-4BBC-AC43-D2E5BF33F281}.Ad-Hoc|ARM.Deploy.0 = Release|Any CPU
		{89BEEC03-8D8A-4BBC-AC43-D2E5BF33F281}.Ad-Hoc|iPhone.ActiveCfg = Release|Any CPU
		{89BEEC03-8D8A-4BBC-AC43-D2E5BF33F281}.Ad-Hoc|iPhone.Build.0 = Release|Any CPU
		{89BEEC03-8D8A-4BBC-AC43-D2E5BF33F281}.Ad-Hoc|iPhone.Deploy.0 = Release|Any CPU
		{89BEEC03-8D8A-4BBC-AC43-D2E5BF33F281}.Ad-Hoc|iPhoneSimulator.ActiveCfg = Release|Any CPU
		{89BEEC03-8D8A-4BBC-AC43-D2E5BF33F281}.Ad-Hoc|iPhoneSimulator.Build.0 = Release|Any CPU
		{89BEEC03-8D8A-4BBC-AC43-D2E5BF33F281}.Ad-Hoc|iPhoneSimulator.Deploy.0 = Release|Any CPU
		{89BEEC03-8D8A-4BBC-AC43-D2E5BF33F281}.Ad-Hoc|x64.ActiveCfg = Release|Any CPU
		{89BEEC03-8D8A-4BBC-AC43-D2E5BF33F281}.Ad-Hoc|x64.Build.0 = Release|Any CPU
		{89BEEC03-8D8A-4BBC-AC43-D2E5BF33F281}.Ad-Hoc|x64.Deploy.0 = Release|Any CPU
		{89BEEC03-8D8A-4BBC-AC43-D2E5BF33F281}.Ad-Hoc|x86.ActiveCfg = Release|Any CPU
		{89BEEC03-8D8A-4BBC-AC43-D2E5BF33F281}.Ad-Hoc|x86.Build.0 = Release|Any CPU
		{89BEEC03-8D8A-4BBC-AC43-D2E5BF33F281}.Ad-Hoc|x86.Deploy.0 = Release|Any CPU
		{89BEEC03-8D8A-4BBC-AC43-D2E5BF33F281}.AppStore|Any CPU.ActiveCfg = Release|Any CPU
		{89BEEC03-8D8A-4BBC-AC43-D2E5BF33F281}.AppStore|Any CPU.Build.0 = Release|Any CPU
		{89BEEC03-8D8A-4BBC-AC43-D2E5BF33F281}.AppStore|Any CPU.Deploy.0 = Release|Any CPU
		{89BEEC03-8D8A-4BBC-AC43-D2E5BF33F281}.AppStore|ARM.ActiveCfg = Release|Any CPU
		{89BEEC03-8D8A-4BBC-AC43-D2E5BF33F281}.AppStore|ARM.Build.0 = Release|Any CPU
		{89BEEC03-8D8A-4BBC-AC43-D2E5BF33F281}.AppStore|ARM.Deploy.0 = Release|Any CPU
		{89BEEC03-8D8A-4BBC-AC43-D2E5BF33F281}.AppStore|iPhone.ActiveCfg = Release|Any CPU
		{89BEEC03-8D8A-4BBC-AC43-D2E5BF33F281}.AppStore|iPhone.Build.0 = Release|Any CPU
		{89BEEC03-8D8A-4BBC-AC43-D2E5BF33F281}.AppStore|iPhone.Deploy.0 = Release|Any CPU
		{89BEEC03-8D8A-4BBC-AC43-D2E5BF33F281}.AppStore|iPhoneSimulator.ActiveCfg = Release|Any CPU
		{89BEEC03-8D8A-4BBC-AC43-D2E5BF33F281}.AppStore|iPhoneSimulator.Build.0 = Release|Any CPU
		{89BEEC03-8D8A-4BBC-AC43-D2E5BF33F281}.AppStore|iPhoneSimulator.Deploy.0 = Release|Any CPU
		{89BEEC03-8D8A-4BBC-AC43-D2E5BF33F281}.AppStore|x64.ActiveCfg = Release|Any CPU
		{89BEEC03-8D8A-4BBC-AC43-D2E5BF33F281}.AppStore|x64.Build.0 = Release|Any CPU
		{89BEEC03-8D8A-4BBC-AC43-D2E5BF33F281}.AppStore|x64.Deploy.0 = Release|Any CPU
		{89BEEC03-8D8A-4BBC-AC43-D2E5BF33F281}.AppStore|x86.ActiveCfg = Release|Any CPU
		{89BEEC03-8D8A-4BBC-AC43-D2E5BF33F281}.AppStore|x86.Build.0 = Release|Any CPU
		{89BEEC03-8D8A-4BBC-AC43-D2E5BF33F281}.AppStore|x86.Deploy.0 = Release|Any CPU
		{89BEEC03-8D8A-4BBC-AC43-D2E5BF33F281}.Debug|Any CPU.ActiveCfg = Debug|Any CPU
		{89BEEC03-8D8A-4BBC-AC43-D2E5BF33F281}.Debug|Any CPU.Build.0 = Debug|Any CPU
		{89BEEC03-8D8A-4BBC-AC43-D2E5BF33F281}.Debug|Any CPU.Deploy.0 = Debug|Any CPU
		{89BEEC03-8D8A-4BBC-AC43-D2E5BF33F281}.Debug|ARM.ActiveCfg = Debug|Any CPU
		{89BEEC03-8D8A-4BBC-AC43-D2E5BF33F281}.Debug|ARM.Build.0 = Debug|Any CPU
		{89BEEC03-8D8A-4BBC-AC43-D2E5BF33F281}.Debug|ARM.Deploy.0 = Debug|Any CPU
		{89BEEC03-8D8A-4BBC-AC43-D2E5BF33F281}.Debug|iPhone.ActiveCfg = Debug|Any CPU
		{89BEEC03-8D8A-4BBC-AC43-D2E5BF33F281}.Debug|iPhone.Build.0 = Debug|Any CPU
		{89BEEC03-8D8A-4BBC-AC43-D2E5BF33F281}.Debug|iPhone.Deploy.0 = Debug|Any CPU
		{89BEEC03-8D8A-4BBC-AC43-D2E5BF33F281}.Debug|iPhoneSimulator.ActiveCfg = Debug|Any CPU
		{89BEEC03-8D8A-4BBC-AC43-D2E5BF33F281}.Debug|iPhoneSimulator.Build.0 = Debug|Any CPU
		{89BEEC03-8D8A-4BBC-AC43-D2E5BF33F281}.Debug|iPhoneSimulator.Deploy.0 = Debug|Any CPU
		{89BEEC03-8D8A-4BBC-AC43-D2E5BF33F281}.Debug|x64.ActiveCfg = Debug|Any CPU
		{89BEEC03-8D8A-4BBC-AC43-D2E5BF33F281}.Debug|x64.Build.0 = Debug|Any CPU
		{89BEEC03-8D8A-4BBC-AC43-D2E5BF33F281}.Debug|x64.Deploy.0 = Debug|Any CPU
		{89BEEC03-8D8A-4BBC-AC43-D2E5BF33F281}.Debug|x86.ActiveCfg = Debug|Any CPU
		{89BEEC03-8D8A-4BBC-AC43-D2E5BF33F281}.Debug|x86.Build.0 = Debug|Any CPU
		{89BEEC03-8D8A-4BBC-AC43-D2E5BF33F281}.Debug|x86.Deploy.0 = Debug|Any CPU
		{89BEEC03-8D8A-4BBC-AC43-D2E5BF33F281}.Release|Any CPU.ActiveCfg = Release|Any CPU
		{89BEEC03-8D8A-4BBC-AC43-D2E5BF33F281}.Release|Any CPU.Build.0 = Release|Any CPU
		{89BEEC03-8D8A-4BBC-AC43-D2E5BF33F281}.Release|Any CPU.Deploy.0 = Release|Any CPU
		{89BEEC03-8D8A-4BBC-AC43-D2E5BF33F281}.Release|ARM.ActiveCfg = Release|Any CPU
		{89BEEC03-8D8A-4BBC-AC43-D2E5BF33F281}.Release|ARM.Build.0 = Release|Any CPU
		{89BEEC03-8D8A-4BBC-AC43-D2E5BF33F281}.Release|ARM.Deploy.0 = Release|Any CPU
		{89BEEC03-8D8A-4BBC-AC43-D2E5BF33F281}.Release|iPhone.ActiveCfg = Release|Any CPU
		{89BEEC03-8D8A-4BBC-AC43-D2E5BF33F281}.Release|iPhone.Build.0 = Release|Any CPU
		{89BEEC03-8D8A-4BBC-AC43-D2E5BF33F281}.Release|iPhone.Deploy.0 = Release|Any CPU
		{89BEEC03-8D8A-4BBC-AC43-D2E5BF33F281}.Release|iPhoneSimulator.ActiveCfg = Release|Any CPU
		{89BEEC03-8D8A-4BBC-AC43-D2E5BF33F281}.Release|iPhoneSimulator.Build.0 = Release|Any CPU
		{89BEEC03-8D8A-4BBC-AC43-D2E5BF33F281}.Release|iPhoneSimulator.Deploy.0 = Release|Any CPU
		{89BEEC03-8D8A-4BBC-AC43-D2E5BF33F281}.Release|x64.ActiveCfg = Release|Any CPU
		{89BEEC03-8D8A-4BBC-AC43-D2E5BF33F281}.Release|x64.Build.0 = Release|Any CPU
		{89BEEC03-8D8A-4BBC-AC43-D2E5BF33F281}.Release|x64.Deploy.0 = Release|Any CPU
		{89BEEC03-8D8A-4BBC-AC43-D2E5BF33F281}.Release|x86.ActiveCfg = Release|Any CPU
		{89BEEC03-8D8A-4BBC-AC43-D2E5BF33F281}.Release|x86.Build.0 = Release|Any CPU
		{89BEEC03-8D8A-4BBC-AC43-D2E5BF33F281}.Release|x86.Deploy.0 = Release|Any CPU
		{A1D30F04-0DEA-4255-B4C5-9995AB330855}.Ad-Hoc|Any CPU.ActiveCfg = Ad-Hoc|iPhone
		{A1D30F04-0DEA-4255-B4C5-9995AB330855}.Ad-Hoc|ARM.ActiveCfg = Ad-Hoc|iPhone
		{A1D30F04-0DEA-4255-B4C5-9995AB330855}.Ad-Hoc|iPhone.ActiveCfg = Ad-Hoc|iPhone
		{A1D30F04-0DEA-4255-B4C5-9995AB330855}.Ad-Hoc|iPhone.Build.0 = Ad-Hoc|iPhone
		{A1D30F04-0DEA-4255-B4C5-9995AB330855}.Ad-Hoc|iPhoneSimulator.ActiveCfg = Ad-Hoc|iPhoneSimulator
		{A1D30F04-0DEA-4255-B4C5-9995AB330855}.Ad-Hoc|iPhoneSimulator.Build.0 = Ad-Hoc|iPhoneSimulator
		{A1D30F04-0DEA-4255-B4C5-9995AB330855}.Ad-Hoc|x64.ActiveCfg = Ad-Hoc|iPhone
		{A1D30F04-0DEA-4255-B4C5-9995AB330855}.Ad-Hoc|x86.ActiveCfg = Ad-Hoc|iPhone
		{A1D30F04-0DEA-4255-B4C5-9995AB330855}.AppStore|Any CPU.ActiveCfg = AppStore|iPhone
		{A1D30F04-0DEA-4255-B4C5-9995AB330855}.AppStore|ARM.ActiveCfg = AppStore|iPhone
		{A1D30F04-0DEA-4255-B4C5-9995AB330855}.AppStore|iPhone.ActiveCfg = AppStore|iPhone
		{A1D30F04-0DEA-4255-B4C5-9995AB330855}.AppStore|iPhone.Build.0 = AppStore|iPhone
		{A1D30F04-0DEA-4255-B4C5-9995AB330855}.AppStore|iPhoneSimulator.ActiveCfg = AppStore|iPhoneSimulator
		{A1D30F04-0DEA-4255-B4C5-9995AB330855}.AppStore|iPhoneSimulator.Build.0 = AppStore|iPhoneSimulator
		{A1D30F04-0DEA-4255-B4C5-9995AB330855}.AppStore|x64.ActiveCfg = AppStore|iPhone
		{A1D30F04-0DEA-4255-B4C5-9995AB330855}.AppStore|x86.ActiveCfg = AppStore|iPhone
		{A1D30F04-0DEA-4255-B4C5-9995AB330855}.Debug|Any CPU.ActiveCfg = Debug|iPhone
		{A1D30F04-0DEA-4255-B4C5-9995AB330855}.Debug|ARM.ActiveCfg = Debug|iPhone
		{A1D30F04-0DEA-4255-B4C5-9995AB330855}.Debug|iPhone.ActiveCfg = Debug|iPhone
		{A1D30F04-0DEA-4255-B4C5-9995AB330855}.Debug|iPhone.Build.0 = Debug|iPhone
		{A1D30F04-0DEA-4255-B4C5-9995AB330855}.Debug|iPhoneSimulator.ActiveCfg = Debug|iPhoneSimulator
		{A1D30F04-0DEA-4255-B4C5-9995AB330855}.Debug|iPhoneSimulator.Build.0 = Debug|iPhoneSimulator
		{A1D30F04-0DEA-4255-B4C5-9995AB330855}.Debug|x64.ActiveCfg = Debug|iPhone
		{A1D30F04-0DEA-4255-B4C5-9995AB330855}.Debug|x86.ActiveCfg = Debug|iPhone
		{A1D30F04-0DEA-4255-B4C5-9995AB330855}.Release|Any CPU.ActiveCfg = Release|iPhone
		{A1D30F04-0DEA-4255-B4C5-9995AB330855}.Release|ARM.ActiveCfg = Release|iPhone
		{A1D30F04-0DEA-4255-B4C5-9995AB330855}.Release|iPhone.ActiveCfg = Release|iPhone
		{A1D30F04-0DEA-4255-B4C5-9995AB330855}.Release|iPhone.Build.0 = Release|iPhone
		{A1D30F04-0DEA-4255-B4C5-9995AB330855}.Release|iPhoneSimulator.ActiveCfg = Release|iPhoneSimulator
		{A1D30F04-0DEA-4255-B4C5-9995AB330855}.Release|iPhoneSimulator.Build.0 = Release|iPhoneSimulator
		{A1D30F04-0DEA-4255-B4C5-9995AB330855}.Release|x64.ActiveCfg = Release|iPhone
		{A1D30F04-0DEA-4255-B4C5-9995AB330855}.Release|x86.ActiveCfg = Release|iPhone
		{4C51E723-65C7-4243-816B-3D66E33C4204}.Ad-Hoc|Any CPU.ActiveCfg = Release|x86
		{4C51E723-65C7-4243-816B-3D66E33C4204}.Ad-Hoc|Any CPU.Build.0 = Release|x86
		{4C51E723-65C7-4243-816B-3D66E33C4204}.Ad-Hoc|Any CPU.Deploy.0 = Release|x86
		{4C51E723-65C7-4243-816B-3D66E33C4204}.Ad-Hoc|ARM.ActiveCfg = Release|ARM
		{4C51E723-65C7-4243-816B-3D66E33C4204}.Ad-Hoc|ARM.Build.0 = Release|ARM
		{4C51E723-65C7-4243-816B-3D66E33C4204}.Ad-Hoc|ARM.Deploy.0 = Release|ARM
		{4C51E723-65C7-4243-816B-3D66E33C4204}.Ad-Hoc|iPhone.ActiveCfg = Release|x86
		{4C51E723-65C7-4243-816B-3D66E33C4204}.Ad-Hoc|iPhone.Build.0 = Release|x86
		{4C51E723-65C7-4243-816B-3D66E33C4204}.Ad-Hoc|iPhone.Deploy.0 = Release|x86
		{4C51E723-65C7-4243-816B-3D66E33C4204}.Ad-Hoc|iPhoneSimulator.ActiveCfg = Release|x86
		{4C51E723-65C7-4243-816B-3D66E33C4204}.Ad-Hoc|iPhoneSimulator.Build.0 = Release|x86
		{4C51E723-65C7-4243-816B-3D66E33C4204}.Ad-Hoc|iPhoneSimulator.Deploy.0 = Release|x86
		{4C51E723-65C7-4243-816B-3D66E33C4204}.Ad-Hoc|x64.ActiveCfg = Release|x64
		{4C51E723-65C7-4243-816B-3D66E33C4204}.Ad-Hoc|x64.Build.0 = Release|x64
		{4C51E723-65C7-4243-816B-3D66E33C4204}.Ad-Hoc|x64.Deploy.0 = Release|x64
		{4C51E723-65C7-4243-816B-3D66E33C4204}.Ad-Hoc|x86.ActiveCfg = Release|x86
		{4C51E723-65C7-4243-816B-3D66E33C4204}.Ad-Hoc|x86.Build.0 = Release|x86
		{4C51E723-65C7-4243-816B-3D66E33C4204}.Ad-Hoc|x86.Deploy.0 = Release|x86
		{4C51E723-65C7-4243-816B-3D66E33C4204}.AppStore|Any CPU.ActiveCfg = Release|x86
		{4C51E723-65C7-4243-816B-3D66E33C4204}.AppStore|Any CPU.Build.0 = Release|x86
		{4C51E723-65C7-4243-816B-3D66E33C4204}.AppStore|Any CPU.Deploy.0 = Release|x86
		{4C51E723-65C7-4243-816B-3D66E33C4204}.AppStore|ARM.ActiveCfg = Release|ARM
		{4C51E723-65C7-4243-816B-3D66E33C4204}.AppStore|ARM.Build.0 = Release|ARM
		{4C51E723-65C7-4243-816B-3D66E33C4204}.AppStore|ARM.Deploy.0 = Release|ARM
		{4C51E723-65C7-4243-816B-3D66E33C4204}.AppStore|iPhone.ActiveCfg = Release|x86
		{4C51E723-65C7-4243-816B-3D66E33C4204}.AppStore|iPhone.Build.0 = Release|x86
		{4C51E723-65C7-4243-816B-3D66E33C4204}.AppStore|iPhone.Deploy.0 = Release|x86
		{4C51E723-65C7-4243-816B-3D66E33C4204}.AppStore|iPhoneSimulator.ActiveCfg = Release|x86
		{4C51E723-65C7-4243-816B-3D66E33C4204}.AppStore|iPhoneSimulator.Build.0 = Release|x86
		{4C51E723-65C7-4243-816B-3D66E33C4204}.AppStore|iPhoneSimulator.Deploy.0 = Release|x86
		{4C51E723-65C7-4243-816B-3D66E33C4204}.AppStore|x64.ActiveCfg = Release|x64
		{4C51E723-65C7-4243-816B-3D66E33C4204}.AppStore|x64.Build.0 = Release|x64
		{4C51E723-65C7-4243-816B-3D66E33C4204}.AppStore|x64.Deploy.0 = Release|x64
		{4C51E723-65C7-4243-816B-3D66E33C4204}.AppStore|x86.ActiveCfg = Release|x86
		{4C51E723-65C7-4243-816B-3D66E33C4204}.AppStore|x86.Build.0 = Release|x86
		{4C51E723-65C7-4243-816B-3D66E33C4204}.AppStore|x86.Deploy.0 = Release|x86
		{4C51E723-65C7-4243-816B-3D66E33C4204}.Debug|Any CPU.ActiveCfg = Debug|x86
		{4C51E723-65C7-4243-816B-3D66E33C4204}.Debug|ARM.ActiveCfg = Debug|ARM
		{4C51E723-65C7-4243-816B-3D66E33C4204}.Debug|ARM.Build.0 = Debug|ARM
		{4C51E723-65C7-4243-816B-3D66E33C4204}.Debug|ARM.Deploy.0 = Debug|ARM
		{4C51E723-65C7-4243-816B-3D66E33C4204}.Debug|iPhone.ActiveCfg = Debug|x86
		{4C51E723-65C7-4243-816B-3D66E33C4204}.Debug|iPhoneSimulator.ActiveCfg = Debug|x86
		{4C51E723-65C7-4243-816B-3D66E33C4204}.Debug|x64.ActiveCfg = Debug|x64
		{4C51E723-65C7-4243-816B-3D66E33C4204}.Debug|x64.Build.0 = Debug|x64
		{4C51E723-65C7-4243-816B-3D66E33C4204}.Debug|x64.Deploy.0 = Debug|x64
		{4C51E723-65C7-4243-816B-3D66E33C4204}.Debug|x86.ActiveCfg = Debug|x86
		{4C51E723-65C7-4243-816B-3D66E33C4204}.Debug|x86.Build.0 = Debug|x86
		{4C51E723-65C7-4243-816B-3D66E33C4204}.Debug|x86.Deploy.0 = Debug|x86
		{4C51E723-65C7-4243-816B-3D66E33C4204}.Release|Any CPU.ActiveCfg = Release|x86
		{4C51E723-65C7-4243-816B-3D66E33C4204}.Release|ARM.ActiveCfg = Release|ARM
		{4C51E723-65C7-4243-816B-3D66E33C4204}.Release|ARM.Build.0 = Release|ARM
		{4C51E723-65C7-4243-816B-3D66E33C4204}.Release|ARM.Deploy.0 = Release|ARM
		{4C51E723-65C7-4243-816B-3D66E33C4204}.Release|iPhone.ActiveCfg = Release|x86
		{4C51E723-65C7-4243-816B-3D66E33C4204}.Release|iPhoneSimulator.ActiveCfg = Release|x86
		{4C51E723-65C7-4243-816B-3D66E33C4204}.Release|x64.ActiveCfg = Release|x64
		{4C51E723-65C7-4243-816B-3D66E33C4204}.Release|x64.Build.0 = Release|x64
		{4C51E723-65C7-4243-816B-3D66E33C4204}.Release|x64.Deploy.0 = Release|x64
		{4C51E723-65C7-4243-816B-3D66E33C4204}.Release|x86.ActiveCfg = Release|x86
		{4C51E723-65C7-4243-816B-3D66E33C4204}.Release|x86.Build.0 = Release|x86
		{4C51E723-65C7-4243-816B-3D66E33C4204}.Release|x86.Deploy.0 = Release|x86
	EndGlobalSection
	GlobalSection(SolutionProperties) = preSolution
		HideSolutionNode = FALSE
	EndGlobalSection
	GlobalSection(ExtensibilityGlobals) = postSolution
		SolutionGuid = {2CB8047C-836D-4132-AEC7-EC9FB97DB6AD}
	EndGlobalSection
EndGlobal
